
Microsoft Visual Studio Solution File, Format Version 12.00
# Visual Studio 14
VisualStudioVersion = 14.0.23107.0
MinimumVisualStudioVersion = 10.0.40219.1
Project("{FAE04EC0-301F-11D3-BF4B-00C04F79EFBC}") = "Orbit.CSharp.Plugins", "Orbit.CSharp.Plugins.csproj", "{0CB1DA73-4AB0-E800-7E60-B93163E6C733}"
EndProject
Project("{FAE04EC0-301F-11D3-BF4B-00C04F79EFBC}") = "Orbit.CSharp", "Orbit.CSharp.csproj", "{370DC11D-EE12-9534-01E7-1C0BA3C19AAB}"
EndProject
Project("{FAE04EC0-301F-11D3-BF4B-00C04F79EFBC}") = "Orbit.CSharp.Editor", "Orbit.CSharp.Editor.csproj", "{C8CB5871-9AF0-120C-C70B-CF110B696B3A}"
EndProject
Global
	GlobalSection(SolutionConfigurationPlatforms) = preSolution
		Debug|Any CPU = Debug|Any CPU
		Release|Any CPU = Release|Any CPU
	EndGlobalSection
	GlobalSection(ProjectConfigurationPlatforms) = postSolution
		{0CB1DA73-4AB0-E800-7E60-B93163E6C733}.Debug|Any CPU.ActiveCfg = Debug|Any CPU
		{0CB1DA73-4AB0-E800-7E60-B93163E6C733}.Debug|Any CPU.Build.0 = Debug|Any CPU
		{0CB1DA73-4AB0-E800-7E60-B93163E6C733}.Release|Any CPU.ActiveCfg = Release|Any CPU
		{0CB1DA73-4AB0-E800-7E60-B93163E6C733}.Release|Any CPU.Build.0 = Release|Any CPU
		{370DC11D-EE12-9534-01E7-1C0BA3C19AAB}.Debug|Any CPU.ActiveCfg = Debug|Any CPU
		{370DC11D-EE12-9534-01E7-1C0BA3C19AAB}.Debug|Any CPU.Build.0 = Debug|Any CPU
		{370DC11D-EE12-9534-01E7-1C0BA3C19AAB}.Release|Any CPU.ActiveCfg = Release|Any CPU
		{370DC11D-EE12-9534-01E7-1C0BA3C19AAB}.Release|Any CPU.Build.0 = Release|Any CPU
		{C8CB5871-9AF0-120C-C70B-CF110B696B3A}.Debug|Any CPU.ActiveCfg = Debug|Any CPU
		{C8CB5871-9AF0-120C-C70B-CF110B696B3A}.Debug|Any CPU.Build.0 = Debug|Any CPU
		{C8CB5871-9AF0-120C-C70B-CF110B696B3A}.Release|Any CPU.ActiveCfg = Release|Any CPU
		{C8CB5871-9AF0-120C-C70B-CF110B696B3A}.Release|Any CPU.Build.0 = Release|Any CPU
	EndGlobalSection
	GlobalSection(SolutionProperties) = preSolution
		HideSolutionNode = FALSE
	EndGlobalSection
EndGlobal
